PODS:
  - CocoaLumberjack (2.4.0):
    - CocoaLumberjack/Default (= 2.4.0)
    - CocoaLumberjack/Extensions (= 2.4.0)
  - CocoaLumberjack/Core (2.4.0)
  - CocoaLumberjack/Default (2.4.0):
    - CocoaLumberjack/Core
  - CocoaLumberjack/Extensions (2.4.0):
    - CocoaLumberjack/Default

DEPENDENCIES:
  - CocoaLumberjack (~> 2.4.0)

SPEC CHECKSUMS:
  CocoaLumberjack: aa9dcab71bdf9eaf2a63bbd9ddc87863efe45457

PODFILE CHECKSUM: 4f01d2b2a68c15c5fe7061c45b727f8b87a35d6f

COCOAPODS: 1.1.1
